// !$*UTF8*$!
{
	archiveVersion = 1;
	classes = {
	};
	objectVersion = 48;
	objects = {

/* Begin PBXBuildFile section */
		89992709BBA0C0FD18AC6FA7 /* Pods_SwiftAnimate.framework in Frameworks */ = {isa = PBXBuildFile; fileRef = 6E046224870E359F6490E48D /* Pods_SwiftAnimate.framework */; };
		9B5CB2AA200F58A200AC1747 /* MineViewController.swift in Sources */ = {isa = PBXBuildFile; fileRef = 9B5CB2A9200F58A200AC1747 /* MineViewController.swift */; };
		9B5CB2AE200F59DD00AC1747 /* ScreenShot.swift in Sources */ = {isa = PBXBuildFile; fileRef = 9B5CB2AC200F59D200AC1747 /* ScreenShot.swift */; };
		9B5CB2AF200F59DD00AC1747 /* Animate.swift in Sources */ = {isa = PBXBuildFile; fileRef = 9B5CB2AD200F59D200AC1747 /* Animate.swift */; };
		9B5CB2B12010428900AC1747 /* DismissAnimation.swift in Sources */ = {isa = PBXBuildFile; fileRef = 9B5CB2B02010428900AC1747 /* DismissAnimation.swift */; };
		9B5CB2B3201042F000AC1747 /* ModalAnimation.swift in Sources */ = {isa = PBXBuildFile; fileRef = 9B5CB2B2201042F000AC1747 /* ModalAnimation.swift */; };
		9B5CB2B72010975400AC1747 /* GifView.swift in Sources */ = {isa = PBXBuildFile; fileRef = 9B5CB2B62010975400AC1747 /* GifView.swift */; };
		9B5CB2B82010993500AC1747 /* hamster_once.gif in Resources */ = {isa = PBXBuildFile; fileRef = 9B5CB2B52010950000AC1747 /* hamster_once.gif */; };
		9B5CB2BB2010ABB200AC1747 /* 仓鼠动画01.gif in Resources */ = {isa = PBXBuildFile; fileRef = 9B5CB2BA2010ABAA00AC1747 /* 仓鼠动画01.gif */; };
		9B5CB2BC2010ABB200AC1747 /* 仓鼠动画02.gif in Resources */ = {isa = PBXBuildFile; fileRef = 9B5CB2B92010ABAA00AC1747 /* 仓鼠动画02.gif */; };
		9B5CB2E02012132A00AC1747 /* DesignableImageView.swift in Sources */ = {isa = PBXBuildFile; fileRef = 9B5CB2C2201212E700AC1747 /* DesignableImageView.swift */; };
		9B5CB2E12012132A00AC1747 /* KeyboardLayoutConstraint.swift in Sources */ = {isa = PBXBuildFile; fileRef = 9B5CB2C3201212E700AC1747 /* KeyboardLayoutConstraint.swift */; };
		9B5CB2E22012132A00AC1747 /* TransitionManager.swift in Sources */ = {isa = PBXBuildFile; fileRef = 9B5CB2C4201212E700AC1747 /* TransitionManager.swift */; };
		9B5CB2E32012132A00AC1747 /* TransitionZoom.swift in Sources */ = {isa = PBXBuildFile; fileRef = 9B5CB2C5201212E700AC1747 /* TransitionZoom.swift */; };
		9B5CB2E42012132A00AC1747 /* ImageLoader.swift in Sources */ = {isa = PBXBuildFile; fileRef = 9B5CB2C6201212E700AC1747 /* ImageLoader.swift */; };
		9B5CB2E52012132A00AC1747 /* Spring.swift in Sources */ = {isa = PBXBuildFile; fileRef = 9B5CB2C7201212E700AC1747 /* Spring.swift */; };
		9B5CB2E62012132A00AC1747 /* SpringImageView.swift in Sources */ = {isa = PBXBuildFile; fileRef = 9B5CB2C8201212E700AC1747 /* SpringImageView.swift */; };
		9B5CB2E72012132A00AC1747 /* DesignableLabel.swift in Sources */ = {isa = PBXBuildFile; fileRef = 9B5CB2C9201212E700AC1747 /* DesignableLabel.swift */; };
		9B5CB2E82012132A00AC1747 /* SoundPlayer.swift in Sources */ = {isa = PBXBuildFile; fileRef = 9B5CB2CA201212E700AC1747 /* SoundPlayer.swift */; };
		9B5CB2E92012132A00AC1747 /* BlurView.swift in Sources */ = {isa = PBXBuildFile; fileRef = 9B5CB2CB201212E700AC1747 /* BlurView.swift */; };
		9B5CB2EA2012132A00AC1747 /* DesignableTextField.swift in Sources */ = {isa = PBXBuildFile; fileRef = 9B5CB2CC201212E700AC1747 /* DesignableTextField.swift */; };
		9B5CB2EB2012132A00AC1747 /* SpringButton.swift in Sources */ = {isa = PBXBuildFile; fileRef = 9B5CB2CD201212E700AC1747 /* SpringButton.swift */; };
		9B5CB2EC2012132A00AC1747 /* SpringTextView.swift in Sources */ = {isa = PBXBuildFile; fileRef = 9B5CB2CE201212E700AC1747 /* SpringTextView.swift */; };
		9B5CB2ED2012132A00AC1747 /* Misc.swift in Sources */ = {isa = PBXBuildFile; fileRef = 9B5CB2CF201212E700AC1747 /* Misc.swift */; };
		9B5CB2EE2012132A00AC1747 /* SpringView.swift in Sources */ = {isa = PBXBuildFile; fileRef = 9B5CB2D0201212E700AC1747 /* SpringView.swift */; };
		9B5CB2EF2012132A00AC1747 /* DesignableButton.swift in Sources */ = {isa = PBXBuildFile; fileRef = 9B5CB2D1201212E700AC1747 /* DesignableButton.swift */; };
		9B5CB2F02012132A00AC1747 /* SpringTextField.swift in Sources */ = {isa = PBXBuildFile; fileRef = 9B5CB2D2201212E700AC1747 /* SpringTextField.swift */; };
		9B5CB2F12012132A00AC1747 /* DesignableView.swift in Sources */ = {isa = PBXBuildFile; fileRef = 9B5CB2D3201212E700AC1747 /* DesignableView.swift */; };
		9B5CB2F22012132A00AC1747 /* DesignableTabBarController.swift in Sources */ = {isa = PBXBuildFile; fileRef = 9B5CB2D4201212E700AC1747 /* DesignableTabBarController.swift */; };
		9B5CB2F32012132A00AC1747 /* AsyncButton.swift in Sources */ = {isa = PBXBuildFile; fileRef = 9B5CB2D5201212E700AC1747 /* AsyncButton.swift */; };
		9B5CB2F42012132A00AC1747 /* LoadingView.xib in Sources */ = {isa = PBXBuildFile; fileRef = 9B5CB2D6201212E700AC1747 /* LoadingView.xib */; };
		9B5CB2F52012132A00AC1747 /* SpringLabel.swift in Sources */ = {isa = PBXBuildFile; fileRef = 9B5CB2D7201212E700AC1747 /* SpringLabel.swift */; };
		9B5CB2F62012132A00AC1747 /* Spring.h in Sources */ = {isa = PBXBuildFile; fileRef = 9B5CB2D8201212E700AC1747 /* Spring.h */; };
		9B5CB2F72012132A00AC1747 /* DesignableTextView.swift in Sources */ = {isa = PBXBuildFile; fileRef = 9B5CB2D9201212E700AC1747 /* DesignableTextView.swift */; };
		9B5CB2F82012132A00AC1747 /* AutoTextView.swift in Sources */ = {isa = PBXBuildFile; fileRef = 9B5CB2DA201212E700AC1747 /* AutoTextView.swift */; };
		9B5CB2F92012132A00AC1747 /* SpringAnimation.swift in Sources */ = {isa = PBXBuildFile; fileRef = 9B5CB2DB201212E700AC1747 /* SpringAnimation.swift */; };
		9B5CB2FA2012132A00AC1747 /* UnwindSegue.swift in Sources */ = {isa = PBXBuildFile; fileRef = 9B5CB2DC201212E700AC1747 /* UnwindSegue.swift */; };
		9B5CB2FB2012132A00AC1747 /* LoadingView.swift in Sources */ = {isa = PBXBuildFile; fileRef = 9B5CB2DD201212E700AC1747 /* LoadingView.swift */; };
		9B5CB2FC2012132A00AC1747 /* AsyncImageView.swift in Sources */ = {isa = PBXBuildFile; fileRef = 9B5CB2DF201212E700AC1747 /* AsyncImageView.swift */; };
		9B5CB2FE20121C2700AC1747 /* TranstitonNavAnimator.swift in Sources */ = {isa = PBXBuildFile; fileRef = 9B5CB2FD20121C2700AC1747 /* TranstitonNavAnimator.swift */; };
		9B8EF14C200F4FE300E7BD6A /* TransitionAnimator.swift in Sources */ = {isa = PBXBuildFile; fileRef = 9B8EF14B200F4FE300E7BD6A /* TransitionAnimator.swift */; };
		9B8EF14E200F531900E7BD6A /* PresentAtionController.swift in Sources */ = {isa = PBXBuildFile; fileRef = 9B8EF14D200F531900E7BD6A /* PresentAtionController.swift */; };
		9BEE178F200DE59B006854BD /* AppDelegate.swift in Sources */ = {isa = PBXBuildFile; fileRef = 9BEE178E200DE59B006854BD /* AppDelegate.swift */; };
		9BEE1791200DE59B006854BD /* ViewController.swift in Sources */ = {isa = PBXBuildFile; fileRef = 9BEE1790200DE59B006854BD /* ViewController.swift */; };
		9BEE1794200DE59B006854BD /* Main.storyboard in Resources */ = {isa = PBXBuildFile; fileRef = 9BEE1792200DE59B006854BD /* Main.storyboard */; };
		9BEE1796200DE59B006854BD /* Assets.xcassets in Resources */ = {isa = PBXBuildFile; fileRef = 9BEE1795200DE59B006854BD /* Assets.xcassets */; };
		9BEE1799200DE59B006854BD /* LaunchScreen.storyboard in Resources */ = {isa = PBXBuildFile; fileRef = 9BEE1797200DE59B006854BD /* LaunchScreen.storyboard */; };
		9BEE17A9200EF551006854BD /* AnimateViewController.swift in Sources */ = {isa = PBXBuildFile; fileRef = 9BEE17A8200EF551006854BD /* AnimateViewController.swift */; };
/* End PBXBuildFile section */

/* Begin PBXFileReference section */
		6E046224870E359F6490E48D /* Pods_SwiftAnimate.framework */ = {isa = PBXFileReference; explicitFileType = wrapper.framework; includeInIndex = 0; path = Pods_SwiftAnimate.framework; sourceTree = BUILT_PRODUCTS_DIR; };
		732954E71113DA0CF1886A95 /* Pods-SwiftAnimate.debug.xcconfig */ = {isa = PBXFileReference; includeInIndex = 1; lastKnownFileType = text.xcconfig; name = "Pods-SwiftAnimate.debug.xcconfig"; path = "Pods/Target Support Files/Pods-SwiftAnimate/Pods-SwiftAnimate.debug.xcconfig"; sourceTree = "<group>"; };
		9B5CB2A9200F58A200AC1747 /* MineViewController.swift */ = {isa = PBXFileReference; lastKnownFileType = sourcecode.swift; path = MineViewController.swift; sourceTree = "<group>"; };
		9B5CB2AC200F59D200AC1747 /* ScreenShot.swift */ = {isa = PBXFileReference; lastKnownFileType = sourcecode.swift; path = ScreenShot.swift; sourceTree = "<group>"; };
		9B5CB2AD200F59D200AC1747 /* Animate.swift */ = {isa = PBXFileReference; lastKnownFileType = sourcecode.swift; path = Animate.swift; sourceTree = "<group>"; };
		9B5CB2B02010428900AC1747 /* DismissAnimation.swift */ = {isa = PBXFileReference; lastKnownFileType = sourcecode.swift; path = DismissAnimation.swift; sourceTree = "<group>"; };
		9B5CB2B2201042F000AC1747 /* ModalAnimation.swift */ = {isa = PBXFileReference; lastKnownFileType = sourcecode.swift; path = ModalAnimation.swift; sourceTree = "<group>"; };
		9B5CB2B52010950000AC1747 /* hamster_once.gif */ = {isa = PBXFileReference; lastKnownFileType = image.gif; path = hamster_once.gif; sourceTree = "<group>"; };
		9B5CB2B62010975400AC1747 /* GifView.swift */ = {isa = PBXFileReference; lastKnownFileType = sourcecode.swift; path = GifView.swift; sourceTree = "<group>"; };
		9B5CB2B92010ABAA00AC1747 /* 仓鼠动画02.gif */ = {isa = PBXFileReference; lastKnownFileType = image.gif; path = "仓鼠动画02.gif"; sourceTree = "<group>"; };
		9B5CB2BA2010ABAA00AC1747 /* 仓鼠动画01.gif */ = {isa = PBXFileReference; lastKnownFileType = image.gif; path = "仓鼠动画01.gif"; sourceTree = "<group>"; };
		9B5CB2C2201212E700AC1747 /* DesignableImageView.swift */ = {isa = PBXFileReference; lastKnownFileType = sourcecode.swift; path = DesignableImageView.swift; sourceTree = "<group>"; };
		9B5CB2C3201212E700AC1747 /* KeyboardLayoutConstraint.swift */ = {isa = PBXFileReference; lastKnownFileType = sourcecode.swift; path = KeyboardLayoutConstraint.swift; sourceTree = "<group>"; };
		9B5CB2C4201212E700AC1747 /* TransitionManager.swift */ = {isa = PBXFileReference; lastKnownFileType = sourcecode.swift; path = TransitionManager.swift; sourceTree = "<group>"; };
		9B5CB2C5201212E700AC1747 /* TransitionZoom.swift */ = {isa = PBXFileReference; lastKnownFileType = sourcecode.swift; path = TransitionZoom.swift; sourceTree = "<group>"; };
		9B5CB2C6201212E700AC1747 /* ImageLoader.swift */ = {isa = PBXFileReference; lastKnownFileType = sourcecode.swift; path = ImageLoader.swift; sourceTree = "<group>"; };
		9B5CB2C7201212E700AC1747 /* Spring.swift */ = {isa = PBXFileReference; lastKnownFileType = sourcecode.swift; path = Spring.swift; sourceTree = "<group>"; };
		9B5CB2C8201212E700AC1747 /* SpringImageView.swift */ = {isa = PBXFileReference; lastKnownFileType = sourcecode.swift; path = SpringImageView.swift; sourceTree = "<group>"; };
		9B5CB2C9201212E700AC1747 /* DesignableLabel.swift */ = {isa = PBXFileReference; lastKnownFileType = sourcecode.swift; path = DesignableLabel.swift; sourceTree = "<group>"; };
		9B5CB2CA201212E700AC1747 /* SoundPlayer.swift */ = {isa = PBXFileReference; lastKnownFileType = sourcecode.swift; path = SoundPlayer.swift; sourceTree = "<group>"; };
		9B5CB2CB201212E700AC1747 /* BlurView.swift */ = {isa = PBXFileReference; lastKnownFileType = sourcecode.swift; path = BlurView.swift; sourceTree = "<group>"; };
		9B5CB2CC201212E700AC1747 /* DesignableTextField.swift */ = {isa = PBXFileReference; lastKnownFileType = sourcecode.swift; path = DesignableTextField.swift; sourceTree = "<group>"; };
		9B5CB2CD201212E700AC1747 /* SpringButton.swift */ = {isa = PBXFileReference; lastKnownFileType = sourcecode.swift; path = SpringButton.swift; sourceTree = "<group>"; };
		9B5CB2CE201212E700AC1747 /* SpringTextView.swift */ = {isa = PBXFileReference; lastKnownFileType = sourcecode.swift; path = SpringTextView.swift; sourceTree = "<group>"; };
		9B5CB2CF201212E700AC1747 /* Misc.swift */ = {isa = PBXFileReference; lastKnownFileType = sourcecode.swift; path = Misc.swift; sourceTree = "<group>"; };
		9B5CB2D0201212E700AC1747 /* SpringView.swift */ = {isa = PBXFileReference; lastKnownFileType = sourcecode.swift; path = SpringView.swift; sourceTree = "<group>"; };
		9B5CB2D1201212E700AC1747 /* DesignableButton.swift */ = {isa = PBXFileReference; lastKnownFileType = sourcecode.swift; path = DesignableButton.swift; sourceTree = "<group>"; };
		9B5CB2D2201212E700AC1747 /* SpringTextField.swift */ = {isa = PBXFileReference; lastKnownFileType = sourcecode.swift; path = SpringTextField.swift; sourceTree = "<group>"; };
		9B5CB2D3201212E700AC1747 /* DesignableView.swift */ = {isa = PBXFileReference; lastKnownFileType = sourcecode.swift; path = DesignableView.swift; sourceTree = "<group>"; };
		9B5CB2D4201212E700AC1747 /* DesignableTabBarController.swift */ = {isa = PBXFileReference; lastKnownFileType = sourcecode.swift; path = DesignableTabBarController.swift; sourceTree = "<group>"; };
		9B5CB2D5201212E700AC1747 /* AsyncButton.swift */ = {isa = PBXFileReference; lastKnownFileType = sourcecode.swift; path = AsyncButton.swift; sourceTree = "<group>"; };
		9B5CB2D6201212E700AC1747 /* LoadingView.xib */ = {isa = PBXFileReference; lastKnownFileType = file.xib; path = LoadingView.xib; sourceTree = "<group>"; };
		9B5CB2D7201212E700AC1747 /* SpringLabel.swift */ = {isa = PBXFileReference; lastKnownFileType = sourcecode.swift; path = SpringLabel.swift; sourceTree = "<group>"; };
		9B5CB2D8201212E700AC1747 /* Spring.h */ = {isa = PBXFileReference; lastKnownFileType = sourcecode.c.h; path = Spring.h; sourceTree = "<group>"; };
		9B5CB2D9201212E700AC1747 /* DesignableTextView.swift */ = {isa = PBXFileReference; lastKnownFileType = sourcecode.swift; path = DesignableTextView.swift; sourceTree = "<group>"; };
		9B5CB2DA201212E700AC1747 /* AutoTextView.swift */ = {isa = PBXFileReference; lastKnownFileType = sourcecode.swift; path = AutoTextView.swift; sourceTree = "<group>"; };
		9B5CB2DB201212E700AC1747 /* SpringAnimation.swift */ = {isa = PBXFileReference; lastKnownFileType = sourcecode.swift; path = SpringAnimation.swift; sourceTree = "<group>"; };
		9B5CB2DC201212E700AC1747 /* UnwindSegue.swift */ = {isa = PBXFileReference; lastKnownFileType = sourcecode.swift; path = UnwindSegue.swift; sourceTree = "<group>"; };
		9B5CB2DD201212E700AC1747 /* LoadingView.swift */ = {isa = PBXFileReference; lastKnownFileType = sourcecode.swift; path = LoadingView.swift; sourceTree = "<group>"; };
		9B5CB2DF201212E700AC1747 /* AsyncImageView.swift */ = {isa = PBXFileReference; lastKnownFileType = sourcecode.swift; path = AsyncImageView.swift; sourceTree = "<group>"; };
		9B5CB2FD20121C2700AC1747 /* TranstitonNavAnimator.swift */ = {isa = PBXFileReference; lastKnownFileType = sourcecode.swift; path = TranstitonNavAnimator.swift; sourceTree = "<group>"; };
		9B8EF14B200F4FE300E7BD6A /* TransitionAnimator.swift */ = {isa = PBXFileReference; lastKnownFileType = sourcecode.swift; path = TransitionAnimator.swift; sourceTree = "<group>"; };
		9B8EF14D200F531900E7BD6A /* PresentAtionController.swift */ = {isa = PBXFileReference; lastKnownFileType = sourcecode.swift; path = PresentAtionController.swift; sourceTree = "<group>"; };
		9BEE178B200DE59B006854BD /* SwiftAnimate.app */ = {isa = PBXFileReference; explicitFileType = wrapper.application; includeInIndex = 0; path = SwiftAnimate.app; sourceTree = BUILT_PRODUCTS_DIR; };
		9BEE178E200DE59B006854BD /* AppDelegate.swift */ = {isa = PBXFileReference; lastKnownFileType = sourcecode.swift; path = AppDelegate.swift; sourceTree = "<group>"; };
		9BEE1790200DE59B006854BD /* ViewController.swift */ = {isa = PBXFileReference; lastKnownFileType = sourcecode.swift; path = ViewController.swift; sourceTree = "<group>"; };
		9BEE1793200DE59B006854BD /* Base */ = {isa = PBXFileReference; lastKnownFileType = file.storyboard; name = Base; path = Base.lproj/Main.storyboard; sourceTree = "<group>"; };
		9BEE1795200DE59B006854BD /* Assets.xcassets */ = {isa = PBXFileReference; lastKnownFileType = folder.assetcatalog; path = Assets.xcassets; sourceTree = "<group>"; };
		9BEE1798200DE59B006854BD /* Base */ = {isa = PBXFileReference; lastKnownFileType = file.storyboard; name = Base; path = Base.lproj/LaunchScreen.storyboard; sourceTree = "<group>"; };
		9BEE179A200DE59B006854BD /* Info.plist */ = {isa = PBXFileReference; lastKnownFileType = text.plist.xml; path = Info.plist; sourceTree = "<group>"; };
		9BEE17A8200EF551006854BD /* AnimateViewController.swift */ = {isa = PBXFileReference; lastKnownFileType = sourcecode.swift; path = AnimateViewController.swift; sourceTree = "<group>"; };
		F6E05DE77A5BEC4C0BCD2E55 /* Pods-SwiftAnimate.release.xcconfig */ = {isa = PBXFileReference; includeInIndex = 1; lastKnownFileType = text.xcconfig; name = "Pods-SwiftAnimate.release.xcconfig"; path = "Pods/Target Support Files/Pods-SwiftAnimate/Pods-SwiftAnimate.release.xcconfig"; sourceTree = "<group>"; };
/* End PBXFileReference section */

/* Begin PBXFrameworksBuildPhase section */
		9BEE1788200DE59B006854BD /* Frameworks */ = {
			isa = PBXFrameworksBuildPhase;
			buildActionMask = 2147483647;
			files = (
				89992709BBA0C0FD18AC6FA7 /* Pods_SwiftAnimate.framework in Frameworks */,
			);
			runOnlyForDeploymentPostprocessing = 0;
		};
/* End PBXFrameworksBuildPhase section */

/* Begin PBXGroup section */
		3978008D59C55B8F1E06B489 /* Pods */ = {
			isa = PBXGroup;
			children = (
				732954E71113DA0CF1886A95 /* Pods-SwiftAnimate.debug.xcconfig */,
				F6E05DE77A5BEC4C0BCD2E55 /* Pods-SwiftAnimate.release.xcconfig */,
			);
			name = Pods;
			sourceTree = "<group>";
		};
		51FEB04F194F33002D6B58B8 /* Frameworks */ = {
			isa = PBXGroup;
			children = (
				6E046224870E359F6490E48D /* Pods_SwiftAnimate.framework */,
			);
			name = Frameworks;
			sourceTree = "<group>";
		};
		9B5CB2AB200F59D200AC1747 /* Tools */ = {
			isa = PBXGroup;
			children = (
				9B5CB2AC200F59D200AC1747 /* ScreenShot.swift */,
				9B5CB2AD200F59D200AC1747 /* Animate.swift */,
			);
			path = Tools;
			sourceTree = "<group>";
		};
		9B5CB2C1201212E700AC1747 /* Spring */ = {
			isa = PBXGroup;
			children = (
				9B5CB2C2201212E700AC1747 /* DesignableImageView.swift */,
				9B5CB2C3201212E700AC1747 /* KeyboardLayoutConstraint.swift */,
				9B5CB2C4201212E700AC1747 /* TransitionManager.swift */,
				9B5CB2C5201212E700AC1747 /* TransitionZoom.swift */,
				9B5CB2C6201212E700AC1747 /* ImageLoader.swift */,
				9B5CB2C7201212E700AC1747 /* Spring.swift */,
				9B5CB2C8201212E700AC1747 /* SpringImageView.swift */,
				9B5CB2C9201212E700AC1747 /* DesignableLabel.swift */,
				9B5CB2CA201212E700AC1747 /* SoundPlayer.swift */,
				9B5CB2CB201212E700AC1747 /* BlurView.swift */,
				9B5CB2CC201212E700AC1747 /* DesignableTextField.swift */,
				9B5CB2CD201212E700AC1747 /* SpringButton.swift */,
				9B5CB2CE201212E700AC1747 /* SpringTextView.swift */,
				9B5CB2CF201212E700AC1747 /* Misc.swift */,
				9B5CB2D0201212E700AC1747 /* SpringView.swift */,
				9B5CB2D1201212E700AC1747 /* DesignableButton.swift */,
				9B5CB2D2201212E700AC1747 /* SpringTextField.swift */,
				9B5CB2D3201212E700AC1747 /* DesignableView.swift */,
				9B5CB2D4201212E700AC1747 /* DesignableTabBarController.swift */,
				9B5CB2D5201212E700AC1747 /* AsyncButton.swift */,
				9B5CB2D6201212E700AC1747 /* LoadingView.xib */,
				9B5CB2D7201212E700AC1747 /* SpringLabel.swift */,
				9B5CB2D8201212E700AC1747 /* Spring.h */,
				9B5CB2D9201212E700AC1747 /* DesignableTextView.swift */,
				9B5CB2DA201212E700AC1747 /* AutoTextView.swift */,
				9B5CB2DB201212E700AC1747 /* SpringAnimation.swift */,
				9B5CB2DC201212E700AC1747 /* UnwindSegue.swift */,
				9B5CB2DD201212E700AC1747 /* LoadingView.swift */,
				9B5CB2DF201212E700AC1747 /* AsyncImageView.swift */,
			);
			path = Spring;
			sourceTree = "<group>";
		};
		9BEE1782200DE59B006854BD = {
			isa = PBXGroup;
			children = (
				9BEE178D200DE59B006854BD /* SwiftAnimate */,
				9BEE178C200DE59B006854BD /* Products */,
				3978008D59C55B8F1E06B489 /* Pods */,
				51FEB04F194F33002D6B58B8 /* Frameworks */,
			);
			sourceTree = "<group>";
		};
		9BEE178C200DE59B006854BD /* Products */ = {
			isa = PBXGroup;
			children = (
				9BEE178B200DE59B006854BD /* SwiftAnimate.app */,
			);
			name = Products;
			sourceTree = "<group>";
		};
		9BEE178D200DE59B006854BD /* SwiftAnimate */ = {
			isa = PBXGroup;
			children = (
				9B5CB2BA2010ABAA00AC1747 /* 仓鼠动画01.gif */,
				9B5CB2B92010ABAA00AC1747 /* 仓鼠动画02.gif */,
				9B5CB2B52010950000AC1747 /* hamster_once.gif */,
				9B5CB2C1201212E700AC1747 /* Spring */,
				9B5CB2AB200F59D200AC1747 /* Tools */,
				9BEE178E200DE59B006854BD /* AppDelegate.swift */,
				9BEE1790200DE59B006854BD /* ViewController.swift */,
				9BEE17A8200EF551006854BD /* AnimateViewController.swift */,
				9B8EF14B200F4FE300E7BD6A /* TransitionAnimator.swift */,
				9B5CB2FD20121C2700AC1747 /* TranstitonNavAnimator.swift */,
				9B5CB2B02010428900AC1747 /* DismissAnimation.swift */,
				9B5CB2B2201042F000AC1747 /* ModalAnimation.swift */,
				9B8EF14D200F531900E7BD6A /* PresentAtionController.swift */,
				9B5CB2A9200F58A200AC1747 /* MineViewController.swift */,
				9BEE1792200DE59B006854BD /* Main.storyboard */,
				9B5CB2B62010975400AC1747 /* GifView.swift */,
				9BEE1795200DE59B006854BD /* Assets.xcassets */,
				9BEE1797200DE59B006854BD /* LaunchScreen.storyboard */,
				9BEE179A200DE59B006854BD /* Info.plist */,
			);
			path = SwiftAnimate;
			sourceTree = "<group>";
		};
/* End PBXGroup section */

/* Begin PBXNativeTarget section */
		9BEE178A200DE59B006854BD /* SwiftAnimate */ = {
			isa = PBXNativeTarget;
			buildConfigurationList = 9BEE179D200DE59B006854BD /* Build configuration list for PBXNativeTarget "SwiftAnimate" */;
			buildPhases = (
				38E211DC5D8DE422AE277A65 /* [CP] Check Pods Manifest.lock */,
				9BEE1787200DE59B006854BD /* Sources */,
				9BEE1788200DE59B006854BD /* Frameworks */,
				9BEE1789200DE59B006854BD /* Resources */,
				52ABAD57C614548BBC830AF2 /* [CP] Embed Pods Frameworks */,
				C94F56E2C7A7E2CDF1B5E63A /* [CP] Copy Pods Resources */,
			);
			buildRules = (
			);
			dependencies = (
			);
			name = SwiftAnimate;
			productName = SwiftAnimate;
			productReference = 9BEE178B200DE59B006854BD /* SwiftAnimate.app */;
			productType = "com.apple.product-type.application";
		};
/* End PBXNativeTarget section */

/* Begin PBXProject section */
		9BEE1783200DE59B006854BD /* Project object */ = {
			isa = PBXProject;
			attributes = {
				LastSwiftUpdateCheck = 0900;
				LastUpgradeCheck = 0900;
				ORGANIZATIONNAME = Miaoz;
				TargetAttributes = {
					9BEE178A200DE59B006854BD = {
						CreatedOnToolsVersion = 9.0;
						ProvisioningStyle = Manual;
					};
				};
			};
			buildConfigurationList = 9BEE1786200DE59B006854BD /* Build configuration list for PBXProject "SwiftAnimate" */;
			compatibilityVersion = "Xcode 8.0";
			developmentRegion = en;
			hasScannedForEncodings = 0;
			knownRegions = (
				en,
				Base,
			);
			mainGroup = 9BEE1782200DE59B006854BD;
			productRefGroup = 9BEE178C200DE59B006854BD /* Products */;
			projectDirPath = "";
			projectRoot = "";
			targets = (
				9BEE178A200DE59B006854BD /* SwiftAnimate */,
			);
		};
/* End PBXProject section */

/* Begin PBXResourcesBuildPhase section */
		9BEE1789200DE59B006854BD /* Resources */ = {
			isa = PBXResourcesBuildPhase;
			buildActionMask = 2147483647;
			files = (
				9B5CB2BB2010ABB200AC1747 /* 仓鼠动画01.gif in Resources */,
				9B5CB2BC2010ABB200AC1747 /* 仓鼠动画02.gif in Resources */,
				9B5CB2B82010993500AC1747 /* hamster_once.gif in Resources */,
				9BEE1799200DE59B006854BD /* LaunchScreen.storyboard in Resources */,
				9BEE1796200DE59B006854BD /* Assets.xcassets in Resources */,
				9BEE1794200DE59B006854BD /* Main.storyboard in Resources */,
			);
			runOnlyForDeploymentPostprocessing = 0;
		};
/* End PBXResourcesBuildPhase section */

/* Begin PBXShellScriptBuildPhase section */
		38E211DC5D8DE422AE277A65 /* [CP] Check Pods Manifest.lock */ = {
			isa = PBXShellScriptBuildPhase;
			buildActionMask = 2147483647;
			files = (
			);
			inputPaths = (
				"${PODS_PODFILE_DIR_PATH}/Podfile.lock",
				"${PODS_ROOT}/Manifest.lock",
			);
			name = "[CP] Check Pods Manifest.lock";
			outputPaths = (
				"$(DERIVED_FILE_DIR)/Pods-SwiftAnimate-checkManifestLockResult.txt",
			);
			runOnlyForDeploymentPostprocessing = 0;
			shellPath = /bin/sh;
			shellScript = "diff \"${PODS_PODFILE_DIR_PATH}/Podfile.lock\" \"${PODS_ROOT}/Manifest.lock\" > /dev/null\nif [ $? != 0 ] ; then\n    # print error to STDERR\n    echo \"error: The sandbox is not in sync with the Podfile.lock. Run 'pod install' or update your CocoaPods installation.\" >&2\n    exit 1\nfi\n# This output is used by Xcode 'outputs' to avoid re-running this script phase.\necho \"SUCCESS\" > \"${SCRIPT_OUTPUT_FILE_0}\"\n";
			showEnvVarsInLog = 0;
		};
		52ABAD57C614548BBC830AF2 /* [CP] Embed Pods Frameworks */ = {
			isa = PBXShellScriptBuildPhase;
			buildActionMask = 2147483647;
			files = (
			);
			inputPaths = (
				"${SRCROOT}/Pods/Target Support Files/Pods-SwiftAnimate/Pods-SwiftAnimate-frameworks.sh",
				"${BUILT_PRODUCTS_DIR}/MGJRouter/MGJRouter.framework",
				"${BUILT_PRODUCTS_DIR}/OTBase/OTBase.framework",
				"${BUILT_PRODUCTS_DIR}/SnapKit/SnapKit.framework",
				"${BUILT_PRODUCTS_DIR}/Then/Then.framework",
				"${BUILT_PRODUCTS_DIR}/ZMBase/ZMBase.framework",
			);
			name = "[CP] Embed Pods Frameworks";
			outputPaths = (
				"${TARGET_BUILD_DIR}/${FRAMEWORKS_FOLDER_PATH}/MGJRouter.framework",
				"${TARGET_BUILD_DIR}/${FRAMEWORKS_FOLDER_PATH}/OTBase.framework",
				"${TARGET_BUILD_DIR}/${FRAMEWORKS_FOLDER_PATH}/SnapKit.framework",
				"${TARGET_BUILD_DIR}/${FRAMEWORKS_FOLDER_PATH}/Then.framework",
				"${TARGET_BUILD_DIR}/${FRAMEWORKS_FOLDER_PATH}/ZMBase.framework",
			);
			runOnlyForDeploymentPostprocessing = 0;
			shellPath = /bin/sh;
			shellScript = "\"${SRCROOT}/Pods/Target Support Files/Pods-SwiftAnimate/Pods-SwiftAnimate-frameworks.sh\"\n";
			showEnvVarsInLog = 0;
		};
		C94F56E2C7A7E2CDF1B5E63A /* [CP] Copy Pods Resources */ = {
			isa = PBXShellScriptBuildPhase;
			buildActionMask = 2147483647;
			files = (
			);
			inputPaths = (
			);
			name = "[CP] Copy Pods Resources";
			outputPaths = (
			);
			runOnlyForDeploymentPostprocessing = 0;
			shellPath = /bin/sh;
			shellScript = "\"${SRCROOT}/Pods/Target Support Files/Pods-SwiftAnimate/Pods-SwiftAnimate-resources.sh\"\n";
			showEnvVarsInLog = 0;
		};
/* End PBXShellScriptBuildPhase section */

/* Begin PBXSourcesBuildPhase section */
		9BEE1787200DE59B006854BD /* Sources */ = {
			isa = PBXSourcesBuildPhase;
			buildActionMask = 2147483647;
			files = (
				9B5CB2E02012132A00AC1747 /* DesignableImageView.swift in Sources */,
				9B5CB2E12012132A00AC1747 /* KeyboardLayoutConstraint.swift in Sources */,
				9B5CB2E22012132A00AC1747 /* TransitionManager.swift in Sources */,
				9B5CB2E32012132A00AC1747 /* TransitionZoom.swift in Sources */,
				9B5CB2E42012132A00AC1747 /* ImageLoader.swift in Sources */,
				9B5CB2E52012132A00AC1747 /* Spring.swift in Sources */,
				9B5CB2E62012132A00AC1747 /* SpringImageView.swift in Sources */,
				9B5CB2E72012132A00AC1747 /* DesignableLabel.swift in Sources */,
				9B5CB2E82012132A00AC1747 /* SoundPlayer.swift in Sources */,
				9B5CB2E92012132A00AC1747 /* BlurView.swift in Sources */,
				9B5CB2EA2012132A00AC1747 /* DesignableTextField.swift in Sources */,
				9B5CB2EB2012132A00AC1747 /* SpringButton.swift in Sources */,
				9B5CB2EC2012132A00AC1747 /* SpringTextView.swift in Sources */,
				9B5CB2ED2012132A00AC1747 /* Misc.swift in Sources */,
				9B5CB2EE2012132A00AC1747 /* SpringView.swift in Sources */,
				9B5CB2EF2012132A00AC1747 /* DesignableButton.swift in Sources */,
				9B5CB2F02012132A00AC1747 /* SpringTextField.swift in Sources */,
				9B5CB2F12012132A00AC1747 /* DesignableView.swift in Sources */,
				9B5CB2F22012132A00AC1747 /* DesignableTabBarController.swift in Sources */,
				9B5CB2F32012132A00AC1747 /* AsyncButton.swift in Sources */,
				9B5CB2FE20121C2700AC1747 /* TranstitonNavAnimator.swift in Sources */,
				9B5CB2F42012132A00AC1747 /* LoadingView.xib in Sources */,
				9B5CB2F52012132A00AC1747 /* SpringLabel.swift in Sources */,
				9B5CB2F62012132A00AC1747 /* Spring.h in Sources */,
				9B5CB2F72012132A00AC1747 /* DesignableTextView.swift in Sources */,
				9B5CB2F82012132A00AC1747 /* AutoTextView.swift in Sources */,
				9B5CB2F92012132A00AC1747 /* SpringAnimation.swift in Sources */,
				9B5CB2FA2012132A00AC1747 /* UnwindSegue.swift in Sources */,
				9B5CB2FB2012132A00AC1747 /* LoadingView.swift in Sources */,
				9B5CB2FC2012132A00AC1747 /* AsyncImageView.swift in Sources */,
				9B5CB2AE200F59DD00AC1747 /* ScreenShot.swift in Sources */,
				9B5CB2AF200F59DD00AC1747 /* Animate.swift in Sources */,
				9B8EF14E200F531900E7BD6A /* PresentAtionController.swift in Sources */,
				9BEE17A9200EF551006854BD /* AnimateViewController.swift in Sources */,
				9B8EF14C200F4FE300E7BD6A /* TransitionAnimator.swift in Sources */,
				9BEE1791200DE59B006854BD /* ViewController.swift in Sources */,
				9B5CB2B3201042F000AC1747 /* ModalAnimation.swift in Sources */,
				9BEE178F200DE59B006854BD /* AppDelegate.swift in Sources */,
				9B5CB2B12010428900AC1747 /* DismissAnimation.swift in Sources */,
				9B5CB2B72010975400AC1747 /* GifView.swift in Sources */,
				9B5CB2AA200F58A200AC1747 /* MineViewController.swift in Sources */,
			);
			runOnlyForDeploymentPostprocessing = 0;
		};
/* End PBXSourcesBuildPhase section */

/* Begin PBXVariantGroup section */
		9BEE1792200DE59B006854BD /* Main.storyboard */ = {
			isa = PBXVariantGroup;
			children = (
				9BEE1793200DE59B006854BD /* Base */,
			);
			name = Main.storyboard;
			sourceTree = "<group>";
		};
		9BEE1797200DE59B006854BD /* LaunchScreen.storyboard */ = {
			isa = PBXVariantGroup;
			children = (
				9BEE1798200DE59B006854BD /* Base */,
			);
			name = LaunchScreen.storyboard;
			sourceTree = "<group>";
		};
/* End PBXVariantGroup section */

/* Begin XCBuildConfiguration section */
		9BEE179B200DE59B006854BD /* Debug */ = {
			isa = XCBuildConfiguration;
			buildSettings = {
				ALWAYS_SEARCH_USER_PATHS = NO;
				CLANG_ANALYZER_NONNULL = YES;
				CLANG_ANALYZER_NUMBER_OBJECT_CONVERSION = YES_AGGRESSIVE;
				CLANG_CXX_LANGUAGE_STANDARD = "gnu++14";
				CLANG_CXX_LIBRARY = "libc++";
				CLANG_ENABLE_MODULES = YES;
				CLANG_ENABLE_OBJC_ARC = YES;
				CLANG_WARN_BLOCK_CAPTURE_AUTORELEASING = YES;
				CLANG_WARN_BOOL_CONVERSION = YES;
				CLANG_WARN_COMMA = YES;
				CLANG_WARN_CONSTANT_CONVERSION = YES;
				CLANG_WARN_DIRECT_OBJC_ISA_USAGE = YES_ERROR;
				CLANG_WARN_DOCUMENTATION_COMMENTS = YES;
				CLANG_WARN_EMPTY_BODY = YES;
				CLANG_WARN_ENUM_CONVERSION = YES;
				CLANG_WARN_INFINITE_RECURSION = YES;
				CLANG_WARN_INT_CONVERSION = YES;
				CLANG_WARN_NON_LITERAL_NULL_CONVERSION = YES;
				CLANG_WARN_OBJC_LITERAL_CONVERSION = YES;
				CLANG_WARN_OBJC_ROOT_CLASS = YES_ERROR;
				CLANG_WARN_RANGE_LOOP_ANALYSIS = YES;
				CLANG_WARN_STRICT_PROTOTYPES = YES;
				CLANG_WARN_SUSPICIOUS_MOVE = YES;
				CLANG_WARN_UNGUARDED_AVAILABILITY = YES_AGGRESSIVE;
				CLANG_WARN_UNREACHABLE_CODE = YES;
				CLANG_WARN__DUPLICATE_METHOD_MATCH = YES;
				CODE_SIGN_IDENTITY = "iPhone Developer";
				COPY_PHASE_STRIP = NO;
				DEBUG_INFORMATION_FORMAT = dwarf;
				ENABLE_STRICT_OBJC_MSGSEND = YES;
				ENABLE_TESTABILITY = YES;
				GCC_C_LANGUAGE_STANDARD = gnu11;
				GCC_DYNAMIC_NO_PIC = NO;
				GCC_NO_COMMON_BLOCKS = YES;
				GCC_OPTIMIZATION_LEVEL = 0;
				GCC_PREPROCESSOR_DEFINITIONS = (
					"DEBUG=1",
					"$(inherited)",
				);
				GCC_WARN_64_TO_32_BIT_CONVERSION = YES;
				GCC_WARN_ABOUT_RETURN_TYPE = YES_ERROR;
				GCC_WARN_UNDECLARED_SELECTOR = YES;
				GCC_WARN_UNINITIALIZED_AUTOS = YES_AGGRESSIVE;
				GCC_WARN_UNUSED_FUNCTION = YES;
				GCC_WARN_UNUSED_VARIABLE = YES;
				IPHONEOS_DEPLOYMENT_TARGET = 11.0;
				MTL_ENABLE_DEBUG_INFO = YES;
				ONLY_ACTIVE_ARCH = YES;
				SDKROOT = iphoneos;
				SWIFT_ACTIVE_COMPILATION_CONDITIONS = DEBUG;
				SWIFT_OPTIMIZATION_LEVEL = "-Onone";
			};
			name = Debug;
		};
		9BEE179C200DE59B006854BD /* Release */ = {
			isa = XCBuildConfiguration;
			buildSettings = {
				ALWAYS_SEARCH_USER_PATHS = NO;
				CLANG_ANALYZER_NONNULL = YES;
				CLANG_ANALYZER_NUMBER_OBJECT_CONVERSION = YES_AGGRESSIVE;
				CLANG_CXX_LANGUAGE_STANDARD = "gnu++14";
				CLANG_CXX_LIBRARY = "libc++";
				CLANG_ENABLE_MODULES = YES;
				CLANG_ENABLE_OBJC_ARC = YES;
				CLANG_WARN_BLOCK_CAPTURE_AUTORELEASING = YES;
				CLANG_WARN_BOOL_CONVERSION = YES;
				CLANG_WARN_COMMA = YES;
				CLANG_WARN_CONSTANT_CONVERSION = YES;
				CLANG_WARN_DIRECT_OBJC_ISA_USAGE = YES_ERROR;
				CLANG_WARN_DOCUMENTATION_COMMENTS = YES;
				CLANG_WARN_EMPTY_BODY = YES;
				CLANG_WARN_ENUM_CONVERSION = YES;
				CLANG_WARN_INFINITE_RECURSION = YES;
				CLANG_WARN_INT_CONVERSION = YES;
				CLANG_WARN_NON_LITERAL_NULL_CONVERSION = YES;
				CLANG_WARN_OBJC_LITERAL_CONVERSION = YES;
				CLANG_WARN_OBJC_ROOT_CLASS = YES_ERROR;
				CLANG_WARN_RANGE_LOOP_ANALYSIS = YES;
				CLANG_WARN_STRICT_PROTOTYPES = YES;
				CLANG_WARN_SUSPICIOUS_MOVE = YES;
				CLANG_WARN_UNGUARDED_AVAILABILITY = YES_AGGRESSIVE;
				CLANG_WARN_UNREACHABLE_CODE = YES;
				CLANG_WARN__DUPLICATE_METHOD_MATCH = YES;
				CODE_SIGN_IDENTITY = "iPhone Developer";
				COPY_PHASE_STRIP = NO;
				DEBUG_INFORMATION_FORMAT = "dwarf-with-dsym";
				ENABLE_NS_ASSERTIONS = NO;
				ENABLE_STRICT_OBJC_MSGSEND = YES;
				GCC_C_LANGUAGE_STANDARD = gnu11;
				GCC_NO_COMMON_BLOCKS = YES;
				GCC_WARN_64_TO_32_BIT_CONVERSION = YES;
				GCC_WARN_ABOUT_RETURN_TYPE = YES_ERROR;
				GCC_WARN_UNDECLARED_SELECTOR = YES;
				GCC_WARN_UNINITIALIZED_AUTOS = YES_AGGRESSIVE;
				GCC_WARN_UNUSED_FUNCTION = YES;
				GCC_WARN_UNUSED_VARIABLE = YES;
				IPHONEOS_DEPLOYMENT_TARGET = 11.0;
				MTL_ENABLE_DEBUG_INFO = NO;
				SDKROOT = iphoneos;
				SWIFT_OPTIMIZATION_LEVEL = "-Owholemodule";
				VALIDATE_PRODUCT = YES;
			};
			name = Release;
		};
		9BEE179E200DE59B006854BD /* Debug */ = {
			isa = XCBuildConfiguration;
			baseConfigurationReference = 732954E71113DA0CF1886A95 /* Pods-SwiftAnimate.debug.xcconfig */;
			buildSettings = {
				ASSETCATALOG_COMPILER_APPICON_NAME = AppIcon;
				CODE_SIGN_STYLE = Manual;
				DEVELOPMENT_TEAM = "";
				INFOPLIST_FILE = SwiftAnimate/Info.plist;
				IPHONEOS_DEPLOYMENT_TARGET = 11.0;
				LD_RUNPATH_SEARCH_PATHS = "$(inherited) @executable_path/Frameworks";
				PRODUCT_BUNDLE_IDENTIFIER = com.PA.SwiftAnimate;
				PRODUCT_NAME = "$(TARGET_NAME)";
				PROVISIONING_PROFILE_SPECIFIER = "";
				SWIFT_VERSION = 4.0;
				TARGETED_DEVICE_FAMILY = "1,2";
			};
			name = Debug;
		};
		9BEE179F200DE59B006854BD /* Release */ = {
			isa = XCBuildConfiguration;
			baseConfigurationReference = F6E05DE77A5BEC4C0BCD2E55 /* Pods-SwiftAnimate.release.xcconfig */;
			buildSettings = {
				ASSETCATALOG_COMPILER_APPICON_NAME = AppIcon;
				CODE_SIGN_STYLE = Manual;
				DEVELOPMENT_TEAM = "";
				INFOPLIST_FILE = SwiftAnimate/Info.plist;
				IPHONEOS_DEPLOYMENT_TARGET = 11.0;
				LD_RUNPATH_SEARCH_PATHS = "$(inherited) @executable_path/Frameworks";
				PRODUCT_BUNDLE_IDENTIFIER = com.PA.SwiftAnimate;
				PRODUCT_NAME = "$(TARGET_NAME)";
				PROVISIONING_PROFILE_SPECIFIER = "";
				SWIFT_VERSION = 4.0;
				TARGETED_DEVICE_FAMILY = "1,2";
			};
			name = Release;
		};
/* End XCBuildConfiguration section */

/* Begin XCConfigurationList section */
		9BEE1786200DE59B006854BD /* Build configuration list for PBXProject "SwiftAnimate" */ = {
			isa = XCConfigurationList;
			buildConfigurations = (
				9BEE179B200DE59B006854BD /* Debug */,
				9BEE179C200DE59B006854BD /* Release */,
			);
			defaultConfigurationIsVisible = 0;
			defaultConfigurationName = Release;
		};
		9BEE179D200DE59B006854BD /* Build configuration list for PBXNativeTarget "SwiftAnimate" */ = {
			isa = XCConfigurationList;
			buildConfigurations = (
				9BEE179E200DE59B006854BD /* Debug */,
				9BEE179F200DE59B006854BD /* Release */,
			);
			defaultConfigurationIsVisible = 0;
			defaultConfigurationName = Release;
		};
/* End XCConfigurationList section */
	};
	rootObject = 9BEE1783200DE59B006854BD /* Project object */;
}
